{
    "_readme": [
        "This file locks the dependencies of your project to a known state",
        "Read more about it at https://getcomposer.org/doc/01-basic-usage.md#installing-dependencies",
        "This file is @generated automatically"
    ],
    "content-hash": "dd9121a424c38df8ebc841ffa9db72f4",
    "packages": [
        {
            "name": "dibi/dibi",
            "version": "v5.0.1",
            "source": {
                "type": "git",
                "url": "https://github.com/dg/dibi.git",
                "reference": "86a71dde28fd1c1b55e4c66a6f7ebfd4efb13e1d"
            },
            "dist": {
                "type": "zip",
                "url": "https://api.github.com/repos/dg/dibi/zipball/86a71dde28fd1c1b55e4c66a6f7ebfd4efb13e1d",
                "reference": "86a71dde28fd1c1b55e4c66a6f7ebfd4efb13e1d",
                "shasum": ""
            },
            "require": {
                "php": "8.0 - 8.3"
            },
            "replace": {
                "dg/dibi": "*"
            },
            "require-dev": {
                "jetbrains/phpstorm-attributes": "^1.0",
                "nette/di": "^3.1",
                "nette/tester": "^2.5",
                "phpstan/phpstan": "^1.0",
                "tracy/tracy": "^2.9"
            },
            "type": "library",
            "extra": {
                "branch-alias": {
                    "dev-master": "5.0-dev"
                }
            },
            "autoload": {
                "classmap": [
                    "src/"
                ]
            },
            "notification-url": "https://packagist.org/downloads/",
            "license": [
                "BSD-3-Clause",
                "GPL-2.0-only",
                "GPL-3.0-only"
            ],
            "authors": [
                {
                    "name": "David Grudl",
                    "homepage": "https://davidgrudl.com"
                }
            ],
            "description": "Dibi is Database Abstraction Library for PHP",
            "homepage": "https://dibiphp.com",
            "keywords": [
                "access",
                "database",
                "dbal",
                "mssql",
                "mysql",
                "odbc",
                "oracle",
                "pdo",
                "postgresql",
                "sqlite",
                "sqlsrv"
            ],
            "support": {
                "issues": "https://github.com/dg/dibi/issues",
                "source": "https://github.com/dg/dibi/tree/v5.0.1"
            },
            "time": "2023-11-25T13:08:47+00:00"
        }
    ],
    "packages-dev": [],
    "aliases": [],
    "minimum-stability": "stable",
    "stability-flags": [],
    "prefer-stable": false,
    "prefer-lowest": false,
    "platform": [],
    "platform-dev": [],
    "plugin-api-version": "2.6.0"
}
